
Microsoft Visual Studio Solution File, Format Version 12.00
# Visual Studio Version 16
VisualStudioVersion = 16.0.30413.136
MinimumVisualStudioVersion = 10.0.40219.1
Project("{FAE04EC0-301F-11D3-BF4B-00C04F79EFBC}") = "APollPoll.Web", "APollPoll.Web\APollPoll.Web.csproj", "{197FCF65-223B-423D-996B-78B2E7B77649}"
EndProject
Project("{FAE04EC0-301F-11D3-BF4B-00C04F79EFBC}") = "APollPoll.Services", "APollPoll.Services\APollPoll.Services.csproj", "{A093DF21-48D7-4386-A941-AF8B8C32658E}"
EndProject
Project("{FAE04EC0-301F-11D3-BF4B-00C04F79EFBC}") = "APollPoll.Data", "APollPoll.Data\APollPoll.Data.csproj", "{6BF0E3F3-A87B-4A44-9B81-8561FC99EADB}"
EndProject
Global
	GlobalSection(SolutionConfigurationPlatforms) = preSolution
		Debug|Any CPU = Debug|Any CPU
		Release|Any CPU = Release|Any CPU
	EndGlobalSection
	GlobalSection(ProjectConfigurationPlatforms) = postSolution
		{197FCF65-223B-423D-996B-78B2E7B77649}.Debug|Any CPU.ActiveCfg = Debug|Any CPU
		{197FCF65-223B-423D-996B-78B2E7B77649}.Debug|Any CPU.Build.0 = Debug|Any CPU
		{197FCF65-223B-423D-996B-78B2E7B77649}.Release|Any CPU.ActiveCfg = Release|Any CPU
		{197FCF65-223B-423D-996B-78B2E7B77649}.Release|Any CPU.Build.0 = Release|Any CPU
		{A093DF21-48D7-4386-A941-AF8B8C32658E}.Debug|Any CPU.ActiveCfg = Debug|Any CPU
		{A093DF21-48D7-4386-A941-AF8B8C32658E}.Debug|Any CPU.Build.0 = Debug|Any CPU
		{A093DF21-48D7-4386-A941-AF8B8C32658E}.Release|Any CPU.ActiveCfg = Release|Any CPU
		{A093DF21-48D7-4386-A941-AF8B8C32658E}.Release|Any CPU.Build.0 = Release|Any CPU
		{6BF0E3F3-A87B-4A44-9B81-8561FC99EADB}.Debug|Any CPU.ActiveCfg = Debug|Any CPU
		{6BF0E3F3-A87B-4A44-9B81-8561FC99EADB}.Debug|Any CPU.Build.0 = Debug|Any CPU
		{6BF0E3F3-A87B-4A44-9B81-8561FC99EADB}.Release|Any CPU.ActiveCfg = Release|Any CPU
		{6BF0E3F3-A87B-4A44-9B81-8561FC99EADB}.Release|Any CPU.Build.0 = Release|Any CPU
	EndGlobalSection
	GlobalSection(SolutionProperties) = preSolution
		HideSolutionNode = FALSE
	EndGlobalSection
	GlobalSection(ExtensibilityGlobals) = postSolution
		SolutionGuid = {49471DA5-E500-4F83-B898-0FB32D3CBCDB}
	EndGlobalSection
EndGlobal
